
Microsoft Visual Studio Solution File, Format Version 12.00
# Visual Studio Version 17
VisualStudioVersion = 17.5.002.0
MinimumVisualStudioVersion = 10.0.40219.1
Project("{9A19103F-16F7-4668-BE54-9A1E7A4F7556}") = "MedicalApp", "MedicalApp.csproj", "{05431219-55B4-4AAF-B159-CDC14ADDF20B}"
EndProject
Global
	GlobalSection(SolutionConfigurationPlatforms) = preSolution
		Debug|Any CPU = Debug|Any CPU
		Release|Any CPU = Release|Any CPU
	EndGlobalSection
	GlobalSection(ProjectConfigurationPlatforms) = postSolution
		{05431219-55B4-4AAF-B159-CDC14ADDF20B}.Debug|Any CPU.ActiveCfg = Debug|Any CPU
		{05431219-55B4-4AAF-B159-CDC14ADDF20B}.Debug|Any CPU.Build.0 = Debug|Any CPU
		{05431219-55B4-4AAF-B159-CDC14ADDF20B}.Release|Any CPU.ActiveCfg = Release|Any CPU
		{05431219-55B4-4AAF-B159-CDC14ADDF20B}.Release|Any CPU.Build.0 = Release|Any CPU
	EndGlobalSection
	GlobalSection(SolutionProperties) = preSolution
		HideSolutionNode = FALSE
	EndGlobalSection
	GlobalSection(ExtensibilityGlobals) = postSolution
		SolutionGuid = {D56DDEA3-CCF9-4D25-AF11-2B4B6E953B76}
	EndGlobalSection
EndGlobal
